
Microsoft Visual Studio Solution File, Format Version 12.00
# Visual Studio Version 17
VisualStudioVersion = 17.0.31903.59
MinimumVisualStudioVersion = 10.0.40219.1
Project("{2150E333-8FDC-42A3-9474-1A3956D46DE8}") = "src", "src", "{827E0CD3-B72D-47B6-A68D-7590B98EB39B}"
EndProject
Project("{FAE04EC0-301F-11D3-BF4B-00C04F79EFBC}") = "Understudies.Core", "src\Understudies.Core\Understudies.Core.csproj", "{39291331-FE13-4723-A77D-B9564DEE8E82}"
EndProject
Project("{FAE04EC0-301F-11D3-BF4B-00C04F79EFBC}") = "Understudies.Game", "src\Understudies.Game\Understudies.Game.csproj", "{892011B6-5ECC-4A81-ACD8-4E55ABCECB20}"
EndProject
Project("{2150E333-8FDC-42A3-9474-1A3956D46DE8}") = "tests", "tests", "{0AB3BF05-4346-4AA6-1389-037BE0695223}"
EndProject
Project("{FAE04EC0-301F-11D3-BF4B-00C04F79EFBC}") = "Understudies.Core.Tests", "tests\Understudies.Core.Tests\Understudies.Core.Tests.csproj", "{11496A8C-57C8-44E0-9A6C-6EE5C99701B3}"
EndProject
Global
	GlobalSection(SolutionConfigurationPlatforms) = preSolution
		Debug|Any CPU = Debug|Any CPU
		Debug|x64 = Debug|x64
		Debug|x86 = Debug|x86
		Release|Any CPU = Release|Any CPU
		Release|x64 = Release|x64
		Release|x86 = Release|x86
	EndGlobalSection
	GlobalSection(ProjectConfigurationPlatforms) = postSolution
		{39291331-FE13-4723-A77D-B9564DEE8E82}.Debug|Any CPU.ActiveCfg = Debug|Any CPU
		{39291331-FE13-4723-A77D-B9564DEE8E82}.Debug|Any CPU.Build.0 = Debug|Any CPU
		{39291331-FE13-4723-A77D-B9564DEE8E82}.Debug|x64.ActiveCfg = Debug|Any CPU
		{39291331-FE13-4723-A77D-B9564DEE8E82}.Debug|x64.Build.0 = Debug|Any CPU
		{39291331-FE13-4723-A77D-B9564DEE8E82}.Debug|x86.ActiveCfg = Debug|Any CPU
		{39291331-FE13-4723-A77D-B9564DEE8E82}.Debug|x86.Build.0 = Debug|Any CPU
		{39291331-FE13-4723-A77D-B9564DEE8E82}.Release|Any CPU.ActiveCfg = Release|Any CPU
		{39291331-FE13-4723-A77D-B9564DEE8E82}.Release|Any CPU.Build.0 = Release|Any CPU
		{39291331-FE13-4723-A77D-B9564DEE8E82}.Release|x64.ActiveCfg = Release|Any CPU
		{39291331-FE13-4723-A77D-B9564DEE8E82}.Release|x64.Build.0 = Release|Any CPU
		{39291331-FE13-4723-A77D-B9564DEE8E82}.Release|x86.ActiveCfg = Release|Any CPU
		{39291331-FE13-4723-A77D-B9564DEE8E82}.Release|x86.Build.0 = Release|Any CPU
		{892011B6-5ECC-4A81-ACD8-4E55ABCECB20}.Debug|Any CPU.ActiveCfg = Debug|Any CPU
		{892011B6-5ECC-4A81-ACD8-4E55ABCECB20}.Debug|Any CPU.Build.0 = Debug|Any CPU
		{892011B6-5ECC-4A81-ACD8-4E55ABCECB20}.Debug|x64.ActiveCfg = Debug|Any CPU
		{892011B6-5ECC-4A81-ACD8-4E55ABCECB20}.Debug|x64.Build.0 = Debug|Any CPU
		{892011B6-5ECC-4A81-ACD8-4E55ABCECB20}.Debug|x86.ActiveCfg = Debug|Any CPU
		{892011B6-5ECC-4A81-ACD8-4E55ABCECB20}.Debug|x86.Build.0 = Debug|Any CPU
		{892011B6-5ECC-4A81-ACD8-4E55ABCECB20}.Release|Any CPU.ActiveCfg = Release|Any CPU
		{892011B6-5ECC-4A81-ACD8-4E55ABCECB20}.Release|Any CPU.Build.0 = Release|Any CPU
		{892011B6-5ECC-4A81-ACD8-4E55ABCECB20}.Release|x64.ActiveCfg = Release|Any CPU
		{892011B6-5ECC-4A81-ACD8-4E55ABCECB20}.Release|x64.Build.0 = Release|Any CPU
		{892011B6-5ECC-4A81-ACD8-4E55ABCECB20}.Release|x86.ActiveCfg = Release|Any CPU
		{892011B6-5ECC-4A81-ACD8-4E55ABCECB20}.Release|x86.Build.0 = Release|Any CPU
		{11496A8C-57C8-44E0-9A6C-6EE5C99701B3}.Debug|Any CPU.ActiveCfg = Debug|Any CPU
		{11496A8C-57C8-44E0-9A6C-6EE5C99701B3}.Debug|Any CPU.Build.0 = Debug|Any CPU
		{11496A8C-57C8-44E0-9A6C-6EE5C99701B3}.Debug|x64.ActiveCfg = Debug|Any CPU
		{11496A8C-57C8-44E0-9A6C-6EE5C99701B3}.Debug|x64.Build.0 = Debug|Any CPU
		{11496A8C-57C8-44E0-9A6C-6EE5C99701B3}.Debug|x86.ActiveCfg = Debug|Any CPU
		{11496A8C-57C8-44E0-9A6C-6EE5C99701B3}.Debug|x86.Build.0 = Debug|Any CPU
		{11496A8C-57C8-44E0-9A6C-6EE5C99701B3}.Release|Any CPU.ActiveCfg = Release|Any CPU
		{11496A8C-57C8-44E0-9A6C-6EE5C99701B3}.Release|Any CPU.Build.0 = Release|Any CPU
		{11496A8C-57C8-44E0-9A6C-6EE5C99701B3}.Release|x64.ActiveCfg = Release|Any CPU
		{11496A8C-57C8-44E0-9A6C-6EE5C99701B3}.Release|x64.Build.0 = Release|Any CPU
		{11496A8C-57C8-44E0-9A6C-6EE5C99701B3}.Release|x86.ActiveCfg = Release|Any CPU
		{11496A8C-57C8-44E0-9A6C-6EE5C99701B3}.Release|x86.Build.0 = Release|Any CPU
	EndGlobalSection
	GlobalSection(SolutionProperties) = preSolution
		HideSolutionNode = FALSE
	EndGlobalSection
	GlobalSection(NestedProjects) = preSolution
		{39291331-FE13-4723-A77D-B9564DEE8E82} = {827E0CD3-B72D-47B6-A68D-7590B98EB39B}
		{892011B6-5ECC-4A81-ACD8-4E55ABCECB20} = {827E0CD3-B72D-47B6-A68D-7590B98EB39B}
		{11496A8C-57C8-44E0-9A6C-6EE5C99701B3} = {0AB3BF05-4346-4AA6-1389-037BE0695223}
	EndGlobalSection
EndGlobal
